
Microsoft Visual Studio Solution File, Format Version 12.00
# Visual Studio Version 17
VisualStudioVersion = 17.5.33502.453
MinimumVisualStudioVersion = 10.0.40219.1
Project("{FAE04EC0-301F-11D3-BF4B-00C04F79EFBC}") = "Automacro", "Automacro\Automacro.csproj", "{C6321EAC-BC2D-4DAD-9FC5-9688F21E7176}"
EndProject
Global
	GlobalSection(SolutionConfigurationPlatforms) = preSolution
		Debug|Any CPU = Debug|Any CPU
		Release|Any CPU = Release|Any CPU
	EndGlobalSection
	GlobalSection(ProjectConfigurationPlatforms) = postSolution
		{C6321EAC-BC2D-4DAD-9FC5-9688F21E7176}.Debug|Any CPU.ActiveCfg = Debug|Any CPU
		{C6321EAC-BC2D-4DAD-9FC5-9688F21E7176}.Debug|Any CPU.Build.0 = Debug|Any CPU
		{C6321EAC-BC2D-4DAD-9FC5-9688F21E7176}.Release|Any CPU.ActiveCfg = Release|Any CPU
		{C6321EAC-BC2D-4DAD-9FC5-9688F21E7176}.Release|Any CPU.Build.0 = Release|Any CPU
	EndGlobalSection
	GlobalSection(SolutionProperties) = preSolution
		HideSolutionNode = FALSE
	EndGlobalSection
	GlobalSection(ExtensibilityGlobals) = postSolution
		SolutionGuid = {7F29EE86-407A-46C3-B191-CF593BB07707}
	EndGlobalSection
EndGlobal
